{
    "hash": "6ddc0f1828752d5c4e3f4c9fe36de75f",
    "packages": [
        {
            "package": "doctrine/DoctrineModule",
            "version": "0.3.1"
        },
        {
            "package": "doctrine/DoctrineORMModule",
            "version": "0.3.1"
        },
        {
            "package": "doctrine/common",
            "version": "2.2.2"
        },
        {
            "package": "doctrine/data-fixtures",
            "version": "dev-master",
            "source-reference": "d233d05437c1a10034867f22069b4bb0f7dc96b6"
        },
        {
            "package": "doctrine/dbal",
            "version": "2.2.2"
        },
        {
            "package": "doctrine/migrations",
            "version": "dev-master",
            "source-reference": "fe98141b1e460baf5ab52f9139e1ae238101b28b"
        },
        {
            "package": "doctrine/orm",
            "version": "2.2.2"
        },
        {
            "package": "ocramius/OcraComposer",
            "version": "0.2.0"
        },
        {
            "package": "ocramius/OcraComposerInstaller",
            "version": "dev-master",
            "source-reference": "0.1.0"
        },
        {
            "package": "symfony/console",
            "version": "v2.0.13"
        },
        {
            "package": "symfony/yaml",
            "version": "v2.0.13"
        }
    ],
    "packages-dev": null,
    "aliases": [

    ],
    "minimum-stability": "dev",
    "stability-flags": [

    ]
}
