{
    "hash": "a38f13215406465b19382b28852471f6",
    "packages": [
        {
            "package": "doctrine/DoctrineModule",
            "version": "dev-master",
            "source-reference": "029e3dddc5892c6439e772847aa11ef8bdd45ebb"
        },
        {
            "package": "doctrine/DoctrineORMModule",
            "version": "dev-master",
            "source-reference": "518b587cfa526649dd4e8275010d8833944dbc74"
        },
        {
            "package": "doctrine/common",
            "version": "2.2.2"
        },
        {
            "package": "doctrine/data-fixtures",
            "version": "dev-master",
            "source-reference": "d233d05437c1a10034867f22069b4bb0f7dc96b6"
        },
        {
            "package": "doctrine/dbal",
            "version": "2.2.2"
        },
        {
            "package": "doctrine/migrations",
            "version": "dev-master",
            "source-reference": "fe98141b1e460baf5ab52f9139e1ae238101b28b"
        },
        {
            "package": "doctrine/orm",
            "version": "2.2.2"
        },
        {
            "package": "symfony/console",
            "version": "v2.0.14"
        },
        {
            "package": "symfony/yaml",
            "version": "v2.0.14"
        }
    ],
    "packages-dev": null,
    "aliases": [

    ],
    "minimum-stability": "dev",
    "stability-flags": {
        "doctrine/doctrineormmodule": 20
    }
}
